// !$*UTF8*$!
{
	archiveVersion = 1;
	classes = {
	};
	objectVersion = 46;
	objects = {

/* Begin PBXBuildFile section */
		FA54B9E71E7FF21F00A8DD1A /* JsonRequestGetTests.swift in Sources */ = {isa = PBXBuildFile; fileRef = FA54B9E61E7FF21F00A8DD1A /* JsonRequestGetTests.swift */; };
		FA54B9E91E7FF36900A8DD1A /* MockURLSession.swift in Sources */ = {isa = PBXBuildFile; fileRef = FA54B9E81E7FF36900A8DD1A /* MockURLSession.swift */; };
		FA54B9EC1E7FF3C300A8DD1A /* MockURLSessionDataTask.swift in Sources */ = {isa = PBXBuildFile; fileRef = FA54B9EB1E7FF3C300A8DD1A /* MockURLSessionDataTask.swift */; };
		FA54B9F01E80237200A8DD1A /* EmptyResponse.swift in Sources */ = {isa = PBXBuildFile; fileRef = FA54B9EF1E80237200A8DD1A /* EmptyResponse.swift */; };
		FA54B9F41E803FF100A8DD1A /* Dispatcher.swift in Sources */ = {isa = PBXBuildFile; fileRef = FA54B9F31E803FF100A8DD1A /* Dispatcher.swift */; };
		FA54B9F71E8040FA00A8DD1A /* MockDispatcher.swift in Sources */ = {isa = PBXBuildFile; fileRef = FA54B9F61E8040FA00A8DD1A /* MockDispatcher.swift */; };
		FA54B9FC1E8172CD00A8DD1A /* Post.swift in Sources */ = {isa = PBXBuildFile; fileRef = FA54B9FA1E8172CD00A8DD1A /* Post.swift */; };
		FA54B9FD1E8172CD00A8DD1A /* GetPostsParser.swift in Sources */ = {isa = PBXBuildFile; fileRef = FA54B9FB1E8172CD00A8DD1A /* GetPostsParser.swift */; };
		FA54BA001E81821200A8DD1A /* APNetworkingError.swift in Sources */ = {isa = PBXBuildFile; fileRef = FA54B9FF1E81821200A8DD1A /* APNetworkingError.swift */; };
		FA54BA021E81854900A8DD1A /* JsonRequestPostTests.swift in Sources */ = {isa = PBXBuildFile; fileRef = FA54BA011E81854900A8DD1A /* JsonRequestPostTests.swift */; };
		FA98ED891E79816000C36231 /* APNetworking.framework in Frameworks */ = {isa = PBXBuildFile; fileRef = FA98ED7F1E79816000C36231 /* APNetworking.framework */; };
		FA98ED901E79816000C36231 /* APNetworking.h in Headers */ = {isa = PBXBuildFile; fileRef = FA98ED821E79816000C36231 /* APNetworking.h */; settings = {ATTRIBUTES = (Public, ); }; };
		FA98EDA01E79819800C36231 /* AppDelegate.swift in Sources */ = {isa = PBXBuildFile; fileRef = FA98ED9F1E79819800C36231 /* AppDelegate.swift */; };
		FA98EDA21E79819800C36231 /* ViewController.swift in Sources */ = {isa = PBXBuildFile; fileRef = FA98EDA11E79819800C36231 /* ViewController.swift */; };
		FA98EDA51E79819800C36231 /* Main.storyboard in Resources */ = {isa = PBXBuildFile; fileRef = FA98EDA31E79819800C36231 /* Main.storyboard */; };
		FA98EDA71E79819800C36231 /* Assets.xcassets in Resources */ = {isa = PBXBuildFile; fileRef = FA98EDA61E79819800C36231 /* Assets.xcassets */; };
		FA98EDAA1E79819800C36231 /* LaunchScreen.storyboard in Resources */ = {isa = PBXBuildFile; fileRef = FA98EDA81E79819800C36231 /* LaunchScreen.storyboard */; };
		FA98EDB21E79A45200C36231 /* JsonRequest.swift in Sources */ = {isa = PBXBuildFile; fileRef = FA98EDB11E79A45200C36231 /* JsonRequest.swift */; };
		FA98EDB41E79A5EF00C36231 /* GenericResponseParser.swift in Sources */ = {isa = PBXBuildFile; fileRef = FA98EDB31E79A5EF00C36231 /* GenericResponseParser.swift */; };
		FA98EDB61E79A6A800C36231 /* URLSessionProtocol.swift in Sources */ = {isa = PBXBuildFile; fileRef = FA98EDB51E79A6A800C36231 /* URLSessionProtocol.swift */; };
		FA98EDB81E79A74F00C36231 /* URLSessionDataTaskProtocol.swift in Sources */ = {isa = PBXBuildFile; fileRef = FA98EDB71E79A74F00C36231 /* URLSessionDataTaskProtocol.swift */; };
		FAC59C001E7AD4FF009E0C54 /* APNetworking.framework in Frameworks */ = {isa = PBXBuildFile; fileRef = FA98ED7F1E79816000C36231 /* APNetworking.framework */; };
		FAC59C011E7AD4FF009E0C54 /* APNetworking.framework in Embed Frameworks */ = {isa = PBXBuildFile; fileRef = FA98ED7F1E79816000C36231 /* APNetworking.framework */; settings = {ATTRIBUTES = (CodeSignOnCopy, RemoveHeadersOnCopy, ); }; };
		FAC59C041E7AEF1E009E0C54 /* GetPostsParser.swift in Sources */ = {isa = PBXBuildFile; fileRef = FAC59C031E7AEF1E009E0C54 /* GetPostsParser.swift */; };
		FAC59C061E7AEF3C009E0C54 /* Post.swift in Sources */ = {isa = PBXBuildFile; fileRef = FAC59C051E7AEF3C009E0C54 /* Post.swift */; };
		FAC59C0B1E7C2FC7009E0C54 /* JsonRequestBuilder.swift in Sources */ = {isa = PBXBuildFile; fileRef = FAC59C0A1E7C2FC7009E0C54 /* JsonRequestBuilder.swift */; };
/* End PBXBuildFile section */

/* Begin PBXContainerItemProxy section */
		FA98ED8A1E79816000C36231 /* PBXContainerItemProxy */ = {
			isa = PBXContainerItemProxy;
			containerPortal = FA98ED761E79816000C36231 /* Project object */;
			proxyType = 1;
			remoteGlobalIDString = FA98ED7E1E79816000C36231;
			remoteInfo = APNetworking;
		};
		FAC59BFE1E7AD4B3009E0C54 /* PBXContainerItemProxy */ = {
			isa = PBXContainerItemProxy;
			containerPortal = FA98ED761E79816000C36231 /* Project object */;
			proxyType = 1;
			remoteGlobalIDString = FA98ED7E1E79816000C36231;
			remoteInfo = APNetworking;
		};
/* End PBXContainerItemProxy section */

/* Begin PBXCopyFilesBuildPhase section */
		FAC59C021E7AD4FF009E0C54 /* Embed Frameworks */ = {
			isa = PBXCopyFilesBuildPhase;
			buildActionMask = 2147483647;
			dstPath = "";
			dstSubfolderSpec = 10;
			files = (
				FAC59C011E7AD4FF009E0C54 /* APNetworking.framework in Embed Frameworks */,
			);
			name = "Embed Frameworks";
			runOnlyForDeploymentPostprocessing = 0;
		};
/* End PBXCopyFilesBuildPhase section */

/* Begin PBXFileReference section */
		FA54B9E61E7FF21F00A8DD1A /* JsonRequestGetTests.swift */ = {isa = PBXFileReference; fileEncoding = 4; lastKnownFileType = sourcecode.swift; path = JsonRequestGetTests.swift; sourceTree = "<group>"; };
		FA54B9E81E7FF36900A8DD1A /* MockURLSession.swift */ = {isa = PBXFileReference; fileEncoding = 4; lastKnownFileType = sourcecode.swift; path = MockURLSession.swift; sourceTree = "<group>"; };
		FA54B9EB1E7FF3C300A8DD1A /* MockURLSessionDataTask.swift */ = {isa = PBXFileReference; fileEncoding = 4; lastKnownFileType = sourcecode.swift; path = MockURLSessionDataTask.swift; sourceTree = "<group>"; };
		FA54B9EF1E80237200A8DD1A /* EmptyResponse.swift */ = {isa = PBXFileReference; fileEncoding = 4; lastKnownFileType = sourcecode.swift; path = EmptyResponse.swift; sourceTree = "<group>"; };
		FA54B9F31E803FF100A8DD1A /* Dispatcher.swift */ = {isa = PBXFileReference; fileEncoding = 4; lastKnownFileType = sourcecode.swift; path = Dispatcher.swift; sourceTree = "<group>"; };
		FA54B9F61E8040FA00A8DD1A /* MockDispatcher.swift */ = {isa = PBXFileReference; fileEncoding = 4; lastKnownFileType = sourcecode.swift; path = MockDispatcher.swift; sourceTree = "<group>"; };
		FA54B9FA1E8172CD00A8DD1A /* Post.swift */ = {isa = PBXFileReference; fileEncoding = 4; lastKnownFileType = sourcecode.swift; path = Post.swift; sourceTree = "<group>"; };
		FA54B9FB1E8172CD00A8DD1A /* GetPostsParser.swift */ = {isa = PBXFileReference; fileEncoding = 4; lastKnownFileType = sourcecode.swift; path = GetPostsParser.swift; sourceTree = "<group>"; };
		FA54B9FF1E81821200A8DD1A /* APNetworkingError.swift */ = {isa = PBXFileReference; fileEncoding = 4; lastKnownFileType = sourcecode.swift; path = APNetworkingError.swift; sourceTree = "<group>"; };
		FA54BA011E81854900A8DD1A /* JsonRequestPostTests.swift */ = {isa = PBXFileReference; fileEncoding = 4; lastKnownFileType = sourcecode.swift; path = JsonRequestPostTests.swift; sourceTree = "<group>"; };
		FA98ED7F1E79816000C36231 /* APNetworking.framework */ = {isa = PBXFileReference; explicitFileType = wrapper.framework; includeInIndex = 0; path = APNetworking.framework; sourceTree = BUILT_PRODUCTS_DIR; };
		FA98ED821E79816000C36231 /* APNetworking.h */ = {isa = PBXFileReference; lastKnownFileType = sourcecode.c.h; path = APNetworking.h; sourceTree = "<group>"; };
		FA98ED831E79816000C36231 /* Info.plist */ = {isa = PBXFileReference; lastKnownFileType = text.plist.xml; path = Info.plist; sourceTree = "<group>"; };
		FA98ED881E79816000C36231 /* APNetworkingTests.xctest */ = {isa = PBXFileReference; explicitFileType = wrapper.cfbundle; includeInIndex = 0; path = APNetworkingTests.xctest; sourceTree = BUILT_PRODUCTS_DIR; };
		FA98ED8F1E79816000C36231 /* Info.plist */ = {isa = PBXFileReference; lastKnownFileType = text.plist.xml; path = Info.plist; sourceTree = "<group>"; };
		FA98ED9D1E79819800C36231 /* ExampleApp.app */ = {isa = PBXFileReference; explicitFileType = wrapper.application; includeInIndex = 0; path = ExampleApp.app; sourceTree = BUILT_PRODUCTS_DIR; };
		FA98ED9F1E79819800C36231 /* AppDelegate.swift */ = {isa = PBXFileReference; lastKnownFileType = sourcecode.swift; path = AppDelegate.swift; sourceTree = "<group>"; };
		FA98EDA11E79819800C36231 /* ViewController.swift */ = {isa = PBXFileReference; lastKnownFileType = sourcecode.swift; path = ViewController.swift; sourceTree = "<group>"; };
		FA98EDA41E79819800C36231 /* Base */ = {isa = PBXFileReference; lastKnownFileType = file.storyboard; name = Base; path = Base.lproj/Main.storyboard; sourceTree = "<group>"; };
		FA98EDA61E79819800C36231 /* Assets.xcassets */ = {isa = PBXFileReference; lastKnownFileType = folder.assetcatalog; path = Assets.xcassets; sourceTree = "<group>"; };
		FA98EDA91E79819800C36231 /* Base */ = {isa = PBXFileReference; lastKnownFileType = file.storyboard; name = Base; path = Base.lproj/LaunchScreen.storyboard; sourceTree = "<group>"; };
		FA98EDAB1E79819800C36231 /* Info.plist */ = {isa = PBXFileReference; lastKnownFileType = text.plist.xml; path = Info.plist; sourceTree = "<group>"; };
		FA98EDB11E79A45200C36231 /* JsonRequest.swift */ = {isa = PBXFileReference; fileEncoding = 4; lastKnownFileType = sourcecode.swift; path = JsonRequest.swift; sourceTree = "<group>"; };
		FA98EDB31E79A5EF00C36231 /* GenericResponseParser.swift */ = {isa = PBXFileReference; fileEncoding = 4; lastKnownFileType = sourcecode.swift; path = GenericResponseParser.swift; sourceTree = "<group>"; };
		FA98EDB51E79A6A800C36231 /* URLSessionProtocol.swift */ = {isa = PBXFileReference; fileEncoding = 4; lastKnownFileType = sourcecode.swift; path = URLSessionProtocol.swift; sourceTree = "<group>"; };
		FA98EDB71E79A74F00C36231 /* URLSessionDataTaskProtocol.swift */ = {isa = PBXFileReference; fileEncoding = 4; lastKnownFileType = sourcecode.swift; path = URLSessionDataTaskProtocol.swift; sourceTree = "<group>"; };
		FAC59C031E7AEF1E009E0C54 /* GetPostsParser.swift */ = {isa = PBXFileReference; fileEncoding = 4; lastKnownFileType = sourcecode.swift; path = GetPostsParser.swift; sourceTree = "<group>"; };
		FAC59C051E7AEF3C009E0C54 /* Post.swift */ = {isa = PBXFileReference; fileEncoding = 4; lastKnownFileType = sourcecode.swift; path = Post.swift; sourceTree = "<group>"; };
		FAC59C0A1E7C2FC7009E0C54 /* JsonRequestBuilder.swift */ = {isa = PBXFileReference; fileEncoding = 4; lastKnownFileType = sourcecode.swift; path = JsonRequestBuilder.swift; sourceTree = "<group>"; };
/* End PBXFileReference section */

/* Begin PBXFrameworksBuildPhase section */
		FA98ED7B1E79816000C36231 /* Frameworks */ = {
			isa = PBXFrameworksBuildPhase;
			buildActionMask = 2147483647;
			files = (
			);
			runOnlyForDeploymentPostprocessing = 0;
		};
		FA98ED851E79816000C36231 /* Frameworks */ = {
			isa = PBXFrameworksBuildPhase;
			buildActionMask = 2147483647;
			files = (
				FA98ED891E79816000C36231 /* APNetworking.framework in Frameworks */,
			);
			runOnlyForDeploymentPostprocessing = 0;
		};
		FA98ED9A1E79819800C36231 /* Frameworks */ = {
			isa = PBXFrameworksBuildPhase;
			buildActionMask = 2147483647;
			files = (
				FAC59C001E7AD4FF009E0C54 /* APNetworking.framework in Frameworks */,
			);
			runOnlyForDeploymentPostprocessing = 0;
		};
/* End PBXFrameworksBuildPhase section */

/* Begin PBXGroup section */
		FA54B9EA1E7FF37000A8DD1A /* Mocks */ = {
			isa = PBXGroup;
			children = (
				FA54B9E81E7FF36900A8DD1A /* MockURLSession.swift */,
				FA54B9EB1E7FF3C300A8DD1A /* MockURLSessionDataTask.swift */,
				FA54B9F61E8040FA00A8DD1A /* MockDispatcher.swift */,
			);
			name = Mocks;
			sourceTree = "<group>";
		};
		FA54B9F51E80400400A8DD1A /* Helpers */ = {
			isa = PBXGroup;
			children = (
				FA54B9F31E803FF100A8DD1A /* Dispatcher.swift */,
				FA54B9FF1E81821200A8DD1A /* APNetworkingError.swift */,
			);
			name = Helpers;
			sourceTree = "<group>";
		};
		FA54B9FE1E8172D200A8DD1A /* Helpers */ = {
			isa = PBXGroup;
			children = (
				FA54B9FA1E8172CD00A8DD1A /* Post.swift */,
				FA54B9FB1E8172CD00A8DD1A /* GetPostsParser.swift */,
			);
			name = Helpers;
			sourceTree = "<group>";
		};
		FA98ED751E79816000C36231 = {
			isa = PBXGroup;
			children = (
				FA98ED811E79816000C36231 /* APNetworking */,
				FA98ED8C1E79816000C36231 /* APNetworkingTests */,
				FA98ED9E1E79819800C36231 /* ExampleApp */,
				FA98ED801E79816000C36231 /* Products */,
			);
			sourceTree = "<group>";
		};
		FA98ED801E79816000C36231 /* Products */ = {
			isa = PBXGroup;
			children = (
				FA98ED7F1E79816000C36231 /* APNetworking.framework */,
				FA98ED881E79816000C36231 /* APNetworkingTests.xctest */,
				FA98ED9D1E79819800C36231 /* ExampleApp.app */,
			);
			name = Products;
			sourceTree = "<group>";
		};
		FA98ED811E79816000C36231 /* APNetworking */ = {
			isa = PBXGroup;
			children = (
				FA54B9F51E80400400A8DD1A /* Helpers */,
				FAC59C0F1E7C3D6D009E0C54 /* Protocols */,
				FAC59C0E1E7C3CA1009E0C54 /* Request */,
				FA98ED821E79816000C36231 /* APNetworking.h */,
				FA98ED831E79816000C36231 /* Info.plist */,
			);
			path = APNetworking;
			sourceTree = "<group>";
		};
		FA98ED8C1E79816000C36231 /* APNetworkingTests */ = {
			isa = PBXGroup;
			children = (
				FA54B9FE1E8172D200A8DD1A /* Helpers */,
				FA54B9EA1E7FF37000A8DD1A /* Mocks */,
				FA54B9E61E7FF21F00A8DD1A /* JsonRequestGetTests.swift */,
				FA54BA011E81854900A8DD1A /* JsonRequestPostTests.swift */,
				FA98ED8F1E79816000C36231 /* Info.plist */,
			);
			path = APNetworkingTests;
			sourceTree = "<group>";
		};
		FA98ED9E1E79819800C36231 /* ExampleApp */ = {
			isa = PBXGroup;
			children = (
				FA98ED9F1E79819800C36231 /* AppDelegate.swift */,
				FA98EDA11E79819800C36231 /* ViewController.swift */,
				FAC59C031E7AEF1E009E0C54 /* GetPostsParser.swift */,
				FAC59C051E7AEF3C009E0C54 /* Post.swift */,
				FA98EDA31E79819800C36231 /* Main.storyboard */,
				FA98EDA61E79819800C36231 /* Assets.xcassets */,
				FA98EDA81E79819800C36231 /* LaunchScreen.storyboard */,
				FA98EDAB1E79819800C36231 /* Info.plist */,
			);
			path = ExampleApp;
			sourceTree = "<group>";
		};
		FAC59C0E1E7C3CA1009E0C54 /* Request */ = {
			isa = PBXGroup;
			children = (
				FA98EDB11E79A45200C36231 /* JsonRequest.swift */,
				FAC59C0A1E7C2FC7009E0C54 /* JsonRequestBuilder.swift */,
				FA54B9EF1E80237200A8DD1A /* EmptyResponse.swift */,
			);
			name = Request;
			sourceTree = "<group>";
		};
		FAC59C0F1E7C3D6D009E0C54 /* Protocols */ = {
			isa = PBXGroup;
			children = (
				FA98EDB51E79A6A800C36231 /* URLSessionProtocol.swift */,
				FA98EDB71E79A74F00C36231 /* URLSessionDataTaskProtocol.swift */,
				FA98EDB31E79A5EF00C36231 /* GenericResponseParser.swift */,
			);
			name = Protocols;
			sourceTree = "<group>";
		};
/* End PBXGroup section */

/* Begin PBXHeadersBuildPhase section */
		FA98ED7C1E79816000C36231 /* Headers */ = {
			isa = PBXHeadersBuildPhase;
			buildActionMask = 2147483647;
			files = (
				FA98ED901E79816000C36231 /* APNetworking.h in Headers */,
			);
			runOnlyForDeploymentPostprocessing = 0;
		};
/* End PBXHeadersBuildPhase section */

/* Begin PBXNativeTarget section */
		FA98ED7E1E79816000C36231 /* APNetworking */ = {
			isa = PBXNativeTarget;
			buildConfigurationList = FA98ED931E79816000C36231 /* Build configuration list for PBXNativeTarget "APNetworking" */;
			buildPhases = (
				FA98ED7A1E79816000C36231 /* Sources */,
				FA98ED7B1E79816000C36231 /* Frameworks */,
				FA98ED7C1E79816000C36231 /* Headers */,
				FA98ED7D1E79816000C36231 /* Resources */,
			);
			buildRules = (
			);
			dependencies = (
			);
			name = APNetworking;
			productName = APNetworking;
			productReference = FA98ED7F1E79816000C36231 /* APNetworking.framework */;
			productType = "com.apple.product-type.framework";
		};
		FA98ED871E79816000C36231 /* APNetworkingTests */ = {
			isa = PBXNativeTarget;
			buildConfigurationList = FA98ED961E79816000C36231 /* Build configuration list for PBXNativeTarget "APNetworkingTests" */;
			buildPhases = (
				FA98ED841E79816000C36231 /* Sources */,
				FA98ED851E79816000C36231 /* Frameworks */,
				FA98ED861E79816000C36231 /* Resources */,
			);
			buildRules = (
			);
			dependencies = (
				FA98ED8B1E79816000C36231 /* PBXTargetDependency */,
			);
			name = APNetworkingTests;
			productName = APNetworkingTests;
			productReference = FA98ED881E79816000C36231 /* APNetworkingTests.xctest */;
			productType = "com.apple.product-type.bundle.unit-test";
		};
		FA98ED9C1E79819800C36231 /* ExampleApp */ = {
			isa = PBXNativeTarget;
			buildConfigurationList = FA98EDAC1E79819800C36231 /* Build configuration list for PBXNativeTarget "ExampleApp" */;
			buildPhases = (
				FA98ED991E79819800C36231 /* Sources */,
				FA98ED9A1E79819800C36231 /* Frameworks */,
				FA98ED9B1E79819800C36231 /* Resources */,
				FAC59C021E7AD4FF009E0C54 /* Embed Frameworks */,
			);
			buildRules = (
			);
			dependencies = (
				FAC59BFF1E7AD4B3009E0C54 /* PBXTargetDependency */,
			);
			name = ExampleApp;
			productName = ExampleApp;
			productReference = FA98ED9D1E79819800C36231 /* ExampleApp.app */;
			productType = "com.apple.product-type.application";
		};
/* End PBXNativeTarget section */

/* Begin PBXProject section */
		FA98ED761E79816000C36231 /* Project object */ = {
			isa = PBXProject;
			attributes = {
				LastSwiftUpdateCheck = 0820;
				LastUpgradeCheck = 0820;
				ORGANIZATIONNAME = "Aleksandrs Proskurins";
				TargetAttributes = {
					FA98ED7E1E79816000C36231 = {
						CreatedOnToolsVersion = 8.2.1;
						LastSwiftMigration = 0820;
						ProvisioningStyle = Automatic;
					};
					FA98ED871E79816000C36231 = {
						CreatedOnToolsVersion = 8.2.1;
						ProvisioningStyle = Automatic;
					};
					FA98ED9C1E79819800C36231 = {
						CreatedOnToolsVersion = 8.2.1;
						ProvisioningStyle = Automatic;
					};
				};
			};
			buildConfigurationList = FA98ED791E79816000C36231 /* Build configuration list for PBXProject "APNetworking" */;
			compatibilityVersion = "Xcode 3.2";
			developmentRegion = English;
			hasScannedForEncodings = 0;
			knownRegions = (
				en,
				Base,
			);
			mainGroup = FA98ED751E79816000C36231;
			productRefGroup = FA98ED801E79816000C36231 /* Products */;
			projectDirPath = "";
			projectRoot = "";
			targets = (
				FA98ED7E1E79816000C36231 /* APNetworking */,
				FA98ED871E79816000C36231 /* APNetworkingTests */,
				FA98ED9C1E79819800C36231 /* ExampleApp */,
			);
		};
/* End PBXProject section */

/* Begin PBXResourcesBuildPhase section */
		FA98ED7D1E79816000C36231 /* Resources */ = {
			isa = PBXResourcesBuildPhase;
			buildActionMask = 2147483647;
			files = (
			);
			runOnlyForDeploymentPostprocessing = 0;
		};
		FA98ED861E79816000C36231 /* Resources */ = {
			isa = PBXResourcesBuildPhase;
			buildActionMask = 2147483647;
			files = (
			);
			runOnlyForDeploymentPostprocessing = 0;
		};
		FA98ED9B1E79819800C36231 /* Resources */ = {
			isa = PBXResourcesBuildPhase;
			buildActionMask = 2147483647;
			files = (
				FA98EDAA1E79819800C36231 /* LaunchScreen.storyboard in Resources */,
				FA98EDA71E79819800C36231 /* Assets.xcassets in Resources */,
				FA98EDA51E79819800C36231 /* Main.storyboard in Resources */,
			);
			runOnlyForDeploymentPostprocessing = 0;
		};
/* End PBXResourcesBuildPhase section */

/* Begin PBXSourcesBuildPhase section */
		FA98ED7A1E79816000C36231 /* Sources */ = {
			isa = PBXSourcesBuildPhase;
			buildActionMask = 2147483647;
			files = (
				FA54B9F01E80237200A8DD1A /* EmptyResponse.swift in Sources */,
				FA98EDB61E79A6A800C36231 /* URLSessionProtocol.swift in Sources */,
				FA98EDB21E79A45200C36231 /* JsonRequest.swift in Sources */,
				FAC59C0B1E7C2FC7009E0C54 /* JsonRequestBuilder.swift in Sources */,
				FA54B9F41E803FF100A8DD1A /* Dispatcher.swift in Sources */,
				FA54BA001E81821200A8DD1A /* APNetworkingError.swift in Sources */,
				FA98EDB81E79A74F00C36231 /* URLSessionDataTaskProtocol.swift in Sources */,
				FA98EDB41E79A5EF00C36231 /* GenericResponseParser.swift in Sources */,
			);
			runOnlyForDeploymentPostprocessing = 0;
		};
		FA98ED841E79816000C36231 /* Sources */ = {
			isa = PBXSourcesBuildPhase;
			buildActionMask = 2147483647;
			files = (
				FA54B9F71E8040FA00A8DD1A /* MockDispatcher.swift in Sources */,
				FA54B9EC1E7FF3C300A8DD1A /* MockURLSessionDataTask.swift in Sources */,
				FA54BA021E81854900A8DD1A /* JsonRequestPostTests.swift in Sources */,
				FA54B9E91E7FF36900A8DD1A /* MockURLSession.swift in Sources */,
				FA54B9E71E7FF21F00A8DD1A /* JsonRequestGetTests.swift in Sources */,
				FA54B9FD1E8172CD00A8DD1A /* GetPostsParser.swift in Sources */,
				FA54B9FC1E8172CD00A8DD1A /* Post.swift in Sources */,
			);
			runOnlyForDeploymentPostprocessing = 0;
		};
		FA98ED991E79819800C36231 /* Sources */ = {
			isa = PBXSourcesBuildPhase;
			buildActionMask = 2147483647;
			files = (
				FA98EDA21E79819800C36231 /* ViewController.swift in Sources */,
				FAC59C041E7AEF1E009E0C54 /* GetPostsParser.swift in Sources */,
				FA98EDA01E79819800C36231 /* AppDelegate.swift in Sources */,
				FAC59C061E7AEF3C009E0C54 /* Post.swift in Sources */,
			);
			runOnlyForDeploymentPostprocessing = 0;
		};
/* End PBXSourcesBuildPhase section */

/* Begin PBXTargetDependency section */
		FA98ED8B1E79816000C36231 /* PBXTargetDependency */ = {
			isa = PBXTargetDependency;
			target = FA98ED7E1E79816000C36231 /* APNetworking */;
			targetProxy = FA98ED8A1E79816000C36231 /* PBXContainerItemProxy */;
		};
		FAC59BFF1E7AD4B3009E0C54 /* PBXTargetDependency */ = {
			isa = PBXTargetDependency;
			target = FA98ED7E1E79816000C36231 /* APNetworking */;
			targetProxy = FAC59BFE1E7AD4B3009E0C54 /* PBXContainerItemProxy */;
		};
/* End PBXTargetDependency section */

/* Begin PBXVariantGroup section */
		FA98EDA31E79819800C36231 /* Main.storyboard */ = {
			isa = PBXVariantGroup;
			children = (
				FA98EDA41E79819800C36231 /* Base */,
			);
			name = Main.storyboard;
			sourceTree = "<group>";
		};
		FA98EDA81E79819800C36231 /* LaunchScreen.storyboard */ = {
			isa = PBXVariantGroup;
			children = (
				FA98EDA91E79819800C36231 /* Base */,
			);
			name = LaunchScreen.storyboard;
			sourceTree = "<group>";
		};
/* End PBXVariantGroup section */

/* Begin XCBuildConfiguration section */
		FA98ED911E79816000C36231 /* Debug */ = {
			isa = XCBuildConfiguration;
			buildSettings = {
				ALWAYS_SEARCH_USER_PATHS = NO;
				CLANG_ANALYZER_NONNULL = YES;
				CLANG_CXX_LANGUAGE_STANDARD = "gnu++0x";
				CLANG_CXX_LIBRARY = "libc++";
				CLANG_ENABLE_MODULES = YES;
				CLANG_ENABLE_OBJC_ARC = YES;
				CLANG_WARN_BOOL_CONVERSION = YES;
				CLANG_WARN_CONSTANT_CONVERSION = YES;
				CLANG_WARN_DIRECT_OBJC_ISA_USAGE = YES_ERROR;
				CLANG_WARN_DOCUMENTATION_COMMENTS = YES;
				CLANG_WARN_EMPTY_BODY = YES;
				CLANG_WARN_ENUM_CONVERSION = YES;
				CLANG_WARN_INFINITE_RECURSION = YES;
				CLANG_WARN_INT_CONVERSION = YES;
				CLANG_WARN_OBJC_ROOT_CLASS = YES_ERROR;
				CLANG_WARN_SUSPICIOUS_MOVE = YES;
				CLANG_WARN_UNREACHABLE_CODE = YES;
				CLANG_WARN__DUPLICATE_METHOD_MATCH = YES;
				"CODE_SIGN_IDENTITY[sdk=iphoneos*]" = "iPhone Developer";
				COPY_PHASE_STRIP = NO;
				CURRENT_PROJECT_VERSION = 1;
				DEBUG_INFORMATION_FORMAT = dwarf;
				ENABLE_STRICT_OBJC_MSGSEND = YES;
				ENABLE_TESTABILITY = YES;
				GCC_C_LANGUAGE_STANDARD = gnu99;
				GCC_DYNAMIC_NO_PIC = NO;
				GCC_NO_COMMON_BLOCKS = YES;
				GCC_OPTIMIZATION_LEVEL = 0;
				GCC_PREPROCESSOR_DEFINITIONS = (
					"DEBUG=1",
					"$(inherited)",
				);
				GCC_WARN_64_TO_32_BIT_CONVERSION = YES;
				GCC_WARN_ABOUT_RETURN_TYPE = YES_ERROR;
				GCC_WARN_UNDECLARED_SELECTOR = YES;
				GCC_WARN_UNINITIALIZED_AUTOS = YES_AGGRESSIVE;
				GCC_WARN_UNUSED_FUNCTION = YES;
				GCC_WARN_UNUSED_VARIABLE = YES;
				IPHONEOS_DEPLOYMENT_TARGET = 10.2;
				MTL_ENABLE_DEBUG_INFO = YES;
				ONLY_ACTIVE_ARCH = YES;
				SDKROOT = iphoneos;
				SWIFT_ACTIVE_COMPILATION_CONDITIONS = DEBUG;
				SWIFT_OPTIMIZATION_LEVEL = "-Onone";
				TARGETED_DEVICE_FAMILY = "1,2";
				VERSIONING_SYSTEM = "apple-generic";
				VERSION_INFO_PREFIX = "";
			};
			name = Debug;
		};
		FA98ED921E79816000C36231 /* Release */ = {
			isa = XCBuildConfiguration;
			buildSettings = {
				ALWAYS_SEARCH_USER_PATHS = NO;
				CLANG_ANALYZER_NONNULL = YES;
				CLANG_CXX_LANGUAGE_STANDARD = "gnu++0x";
				CLANG_CXX_LIBRARY = "libc++";
				CLANG_ENABLE_MODULES = YES;
				CLANG_ENABLE_OBJC_ARC = YES;
				CLANG_WARN_BOOL_CONVERSION = YES;
				CLANG_WARN_CONSTANT_CONVERSION = YES;
				CLANG_WARN_DIRECT_OBJC_ISA_USAGE = YES_ERROR;
				CLANG_WARN_DOCUMENTATION_COMMENTS = YES;
				CLANG_WARN_EMPTY_BODY = YES;
				CLANG_WARN_ENUM_CONVERSION = YES;
				CLANG_WARN_INFINITE_RECURSION = YES;
				CLANG_WARN_INT_CONVERSION = YES;
				CLANG_WARN_OBJC_ROOT_CLASS = YES_ERROR;
				CLANG_WARN_SUSPICIOUS_MOVE = YES;
				CLANG_WARN_UNREACHABLE_CODE = YES;
				CLANG_WARN__DUPLICATE_METHOD_MATCH = YES;
				"CODE_SIGN_IDENTITY[sdk=iphoneos*]" = "iPhone Developer";
				COPY_PHASE_STRIP = NO;
				CURRENT_PROJECT_VERSION = 1;
				DEBUG_INFORMATION_FORMAT = "dwarf-with-dsym";
				ENABLE_NS_ASSERTIONS = NO;
				ENABLE_STRICT_OBJC_MSGSEND = YES;
				GCC_C_LANGUAGE_STANDARD = gnu99;
				GCC_NO_COMMON_BLOCKS = YES;
				GCC_WARN_64_TO_32_BIT_CONVERSION = YES;
				GCC_WARN_ABOUT_RETURN_TYPE = YES_ERROR;
				GCC_WARN_UNDECLARED_SELECTOR = YES;
				GCC_WARN_UNINITIALIZED_AUTOS = YES_AGGRESSIVE;
				GCC_WARN_UNUSED_FUNCTION = YES;
				GCC_WARN_UNUSED_VARIABLE = YES;
				IPHONEOS_DEPLOYMENT_TARGET = 10.2;
				MTL_ENABLE_DEBUG_INFO = NO;
				SDKROOT = iphoneos;
				SWIFT_OPTIMIZATION_LEVEL = "-Owholemodule";
				TARGETED_DEVICE_FAMILY = "1,2";
				VALIDATE_PRODUCT = YES;
				VERSIONING_SYSTEM = "apple-generic";
				VERSION_INFO_PREFIX = "";
			};
			name = Release;
		};
		FA98ED941E79816000C36231 /* Debug */ = {
			isa = XCBuildConfiguration;
			buildSettings = {
				CLANG_ENABLE_MODULES = YES;
				CODE_SIGN_IDENTITY = "";
				DEFINES_MODULE = YES;
				DYLIB_COMPATIBILITY_VERSION = 1;
				DYLIB_CURRENT_VERSION = 1;
				DYLIB_INSTALL_NAME_BASE = "@rpath";
				INFOPLIST_FILE = APNetworking/Info.plist;
				INSTALL_PATH = "$(LOCAL_LIBRARY_DIR)/Frameworks";
				LD_RUNPATH_SEARCH_PATHS = "$(inherited) @executable_path/Frameworks @loader_path/Frameworks";
				PRODUCT_BUNDLE_IDENTIFIER = com.APNetworking;
				PRODUCT_NAME = "$(TARGET_NAME)";
				SKIP_INSTALL = YES;
				SWIFT_OPTIMIZATION_LEVEL = "-Onone";
				SWIFT_VERSION = 3.0;
			};
			name = Debug;
		};
		FA98ED951E79816000C36231 /* Release */ = {
			isa = XCBuildConfiguration;
			buildSettings = {
				CLANG_ENABLE_MODULES = YES;
				CODE_SIGN_IDENTITY = "";
				DEFINES_MODULE = YES;
				DYLIB_COMPATIBILITY_VERSION = 1;
				DYLIB_CURRENT_VERSION = 1;
				DYLIB_INSTALL_NAME_BASE = "@rpath";
				INFOPLIST_FILE = APNetworking/Info.plist;
				INSTALL_PATH = "$(LOCAL_LIBRARY_DIR)/Frameworks";
				LD_RUNPATH_SEARCH_PATHS = "$(inherited) @executable_path/Frameworks @loader_path/Frameworks";
				PRODUCT_BUNDLE_IDENTIFIER = com.APNetworking;
				PRODUCT_NAME = "$(TARGET_NAME)";
				SKIP_INSTALL = YES;
				SWIFT_VERSION = 3.0;
			};
			name = Release;
		};
		FA98ED971E79816000C36231 /* Debug */ = {
			isa = XCBuildConfiguration;
			buildSettings = {
				ALWAYS_EMBED_SWIFT_STANDARD_LIBRARIES = YES;
				INFOPLIST_FILE = APNetworkingTests/Info.plist;
				LD_RUNPATH_SEARCH_PATHS = "$(inherited) @executable_path/Frameworks @loader_path/Frameworks";
				PRODUCT_BUNDLE_IDENTIFIER = com.APNetworkingTests;
				PRODUCT_NAME = "$(TARGET_NAME)";
				SWIFT_VERSION = 3.0;
			};
			name = Debug;
		};
		FA98ED981E79816000C36231 /* Release */ = {
			isa = XCBuildConfiguration;
			buildSettings = {
				ALWAYS_EMBED_SWIFT_STANDARD_LIBRARIES = YES;
				INFOPLIST_FILE = APNetworkingTests/Info.plist;
				LD_RUNPATH_SEARCH_PATHS = "$(inherited) @executable_path/Frameworks @loader_path/Frameworks";
				PRODUCT_BUNDLE_IDENTIFIER = com.APNetworkingTests;
				PRODUCT_NAME = "$(TARGET_NAME)";
				SWIFT_VERSION = 3.0;
			};
			name = Release;
		};
		FA98EDAD1E79819800C36231 /* Debug */ = {
			isa = XCBuildConfiguration;
			buildSettings = {
				ALWAYS_EMBED_SWIFT_STANDARD_LIBRARIES = YES;
				ASSETCATALOG_COMPILER_APPICON_NAME = AppIcon;
				INFOPLIST_FILE = ExampleApp/Info.plist;
				LD_RUNPATH_SEARCH_PATHS = "$(inherited) @executable_path/Frameworks";
				PRODUCT_BUNDLE_IDENTIFIER = com.ExampleApp;
				PRODUCT_NAME = "$(TARGET_NAME)";
				SWIFT_VERSION = 3.0;
			};
			name = Debug;
		};
		FA98EDAE1E79819800C36231 /* Release */ = {
			isa = XCBuildConfiguration;
			buildSettings = {
				ALWAYS_EMBED_SWIFT_STANDARD_LIBRARIES = YES;
				ASSETCATALOG_COMPILER_APPICON_NAME = AppIcon;
				INFOPLIST_FILE = ExampleApp/Info.plist;
				LD_RUNPATH_SEARCH_PATHS = "$(inherited) @executable_path/Frameworks";
				PRODUCT_BUNDLE_IDENTIFIER = com.ExampleApp;
				PRODUCT_NAME = "$(TARGET_NAME)";
				SWIFT_VERSION = 3.0;
			};
			name = Release;
		};
/* End XCBuildConfiguration section */

/* Begin XCConfigurationList section */
		FA98ED791E79816000C36231 /* Build configuration list for PBXProject "APNetworking" */ = {
			isa = XCConfigurationList;
			buildConfigurations = (
				FA98ED911E79816000C36231 /* Debug */,
				FA98ED921E79816000C36231 /* Release */,
			);
			defaultConfigurationIsVisible = 0;
			defaultConfigurationName = Release;
		};
		FA98ED931E79816000C36231 /* Build configuration list for PBXNativeTarget "APNetworking" */ = {
			isa = XCConfigurationList;
			buildConfigurations = (
				FA98ED941E79816000C36231 /* Debug */,
				FA98ED951E79816000C36231 /* Release */,
			);
			defaultConfigurationIsVisible = 0;
			defaultConfigurationName = Release;
		};
		FA98ED961E79816000C36231 /* Build configuration list for PBXNativeTarget "APNetworkingTests" */ = {
			isa = XCConfigurationList;
			buildConfigurations = (
				FA98ED971E79816000C36231 /* Debug */,
				FA98ED981E79816000C36231 /* Release */,
			);
			defaultConfigurationIsVisible = 0;
			defaultConfigurationName = Release;
		};
		FA98EDAC1E79819800C36231 /* Build configuration list for PBXNativeTarget "ExampleApp" */ = {
			isa = XCConfigurationList;
			buildConfigurations = (
				FA98EDAD1E79819800C36231 /* Debug */,
				FA98EDAE1E79819800C36231 /* Release */,
			);
			defaultConfigurationIsVisible = 0;
			defaultConfigurationName = Release;
		};
/* End XCConfigurationList section */
	};
	rootObject = FA98ED761E79816000C36231 /* Project object */;
}
